{
  "lockfileVersion": 1,
  "workspaces": {
    "": {
      "dependencies": {
        "@types/node": "^22.15.17",
      },
    },
  },
  "packages": {
    "@types/node": ["@types/node@22.15.17", "", { "dependencies": { "undici-types": "~6.21.0" } }, "sha512-wIX2aSZL5FE+MR0JlvF87BNVrtFWf6AE6rxSE9X7OwnVvoyCQjpzSRJ+M87se/4QCkCiebQAqrJ0y6fwIyi7nw=="],

    "undici-types": ["undici-types@6.21.0", "", {}, "sha512-iwDZqg0QAGrg9Rav5H4n0M64c3mkR59cJ6wQp+7C4nI0gsmExaedaYLNO44eT4AtBBwjbTiGPMlt2Md0T9H9JQ=="],
  }
}
